
Microsoft Visual Studio Solution File, Format Version 12.00
# Visual Studio Version 16
VisualStudioVersion = 16.0.31205.134
MinimumVisualStudioVersion = 10.0.40219.1
Project("{FAE04EC0-301F-11D3-BF4B-00C04F79EFBC}") = "motivatieservice", "motivatieservice.csproj", "{D1E253DC-9085-4BF0-97B8-D51F43C7913C}"
EndProject
Global
	GlobalSection(SolutionConfigurationPlatforms) = preSolution
		Debug|Any CPU = Debug|Any CPU
		Release|Any CPU = Release|Any CPU
	EndGlobalSection
	GlobalSection(ProjectConfigurationPlatforms) = postSolution
		{D1E253DC-9085-4BF0-97B8-D51F43C7913C}.Debug|Any CPU.ActiveCfg = Debug|Any CPU
		{D1E253DC-9085-4BF0-97B8-D51F43C7913C}.Debug|Any CPU.Build.0 = Debug|Any CPU
		{D1E253DC-9085-4BF0-97B8-D51F43C7913C}.Release|Any CPU.ActiveCfg = Release|Any CPU
		{D1E253DC-9085-4BF0-97B8-D51F43C7913C}.Release|Any CPU.Build.0 = Release|Any CPU
	EndGlobalSection
	GlobalSection(SolutionProperties) = preSolution
		HideSolutionNode = FALSE
	EndGlobalSection
	GlobalSection(ExtensibilityGlobals) = postSolution
		SolutionGuid = {320F2EE9-8915-46CF-8F5E-B4A7ED24774F}
	EndGlobalSection
EndGlobal
